// !$*UTF8*$!
{
	archiveVersion = 1;
	classes = {
	};
	objectVersion = 48;
	objects = {

/* Begin PBXBuildFile section */
		D93CFBAB1F8CCC35005BD342 /* AppDelegate.swift in Sources */ = {isa = PBXBuildFile; fileRef = D93CFBAA1F8CCC35005BD342 /* AppDelegate.swift */; };
		D93CFBAD1F8CCC35005BD342 /* ViewController.swift in Sources */ = {isa = PBXBuildFile; fileRef = D93CFBAC1F8CCC35005BD342 /* ViewController.swift */; };
		D93CFBB01F8CCC35005BD342 /* Main.storyboard in Resources */ = {isa = PBXBuildFile; fileRef = D93CFBAE1F8CCC35005BD342 /* Main.storyboard */; };
		D93CFBB21F8CCC35005BD342 /* Assets.xcassets in Resources */ = {isa = PBXBuildFile; fileRef = D93CFBB11F8CCC35005BD342 /* Assets.xcassets */; };
		D93CFBB51F8CCC35005BD342 /* LaunchScreen.storyboard in Resources */ = {isa = PBXBuildFile; fileRef = D93CFBB31F8CCC35005BD342 /* LaunchScreen.storyboard */; };
/* End PBXBuildFile section */

/* Begin PBXFileReference section */
		D93CFBA71F8CCC35005BD342 /* VendorList.app */ = {isa = PBXFileReference; explicitFileType = wrapper.application; includeInIndex = 0; path = VendorList.app; sourceTree = BUILT_PRODUCTS_DIR; };
		D93CFBAA1F8CCC35005BD342 /* AppDelegate.swift */ = {isa = PBXFileReference; lastKnownFileType = sourcecode.swift; path = AppDelegate.swift; sourceTree = "<group>"; };
		D93CFBAC1F8CCC35005BD342 /* ViewController.swift */ = {isa = PBXFileReference; lastKnownFileType = sourcecode.swift; path = ViewController.swift; sourceTree = "<group>"; };
		D93CFBAF1F8CCC35005BD342 /* Base */ = {isa = PBXFileReference; lastKnownFileType = file.storyboard; name = Base; path = Base.lproj/Main.storyboard; sourceTree = "<group>"; };
		D93CFBB11F8CCC35005BD342 /* Assets.xcassets */ = {isa = PBXFileReference; lastKnownFileType = folder.assetcatalog; path = Assets.xcassets; sourceTree = "<group>"; };
		D93CFBB41F8CCC35005BD342 /* Base */ = {isa = PBXFileReference; lastKnownFileType = file.storyboard; name = Base; path = Base.lproj/LaunchScreen.storyboard; sourceTree = "<group>"; };
		D93CFBB61F8CCC35005BD342 /* Info.plist */ = {isa = PBXFileReference; lastKnownFileType = text.plist.xml; path = Info.plist; sourceTree = "<group>"; };
/* End PBXFileReference section */

/* Begin PBXFrameworksBuildPhase section */
		D93CFBA41F8CCC35005BD342 /* Frameworks */ = {
			isa = PBXFrameworksBuildPhase;
			buildActionMask = 2147483647;
			files = (
			);
			runOnlyForDeploymentPostprocessing = 0;
		};
/* End PBXFrameworksBuildPhase section */

/* Begin PBXGroup section */
		D93CFB9E1F8CCC35005BD342 = {
			isa = PBXGroup;
			children = (
				D93CFBA91F8CCC35005BD342 /* VendorList */,
				D93CFBA81F8CCC35005BD342 /* Products */,
			);
			sourceTree = "<group>";
		};
		D93CFBA81F8CCC35005BD342 /* Products */ = {
			isa = PBXGroup;
			children = (
				D93CFBA71F8CCC35005BD342 /* VendorList.app */,
			);
			name = Products;
			sourceTree = "<group>";
		};
		D93CFBA91F8CCC35005BD342 /* VendorList */ = {
			isa = PBXGroup;
			children = (
				D93CFBAA1F8CCC35005BD342 /* AppDelegate.swift */,
				D93CFBAC1F8CCC35005BD342 /* ViewController.swift */,
				D93CFBAE1F8CCC35005BD342 /* Main.storyboard */,
				D93CFBB11F8CCC35005BD342 /* Assets.xcassets */,
				D93CFBB31F8CCC35005BD342 /* LaunchScreen.storyboard */,
				D93CFBB61F8CCC35005BD342 /* Info.plist */,
			);
			path = VendorList;
			sourceTree = "<group>";
		};
/* End PBXGroup section */

/* Begin PBXNativeTarget section */
		D93CFBA61F8CCC35005BD342 /* VendorList */ = {
			isa = PBXNativeTarget;
			buildConfigurationList = D93CFBB91F8CCC35005BD342 /* Build configuration list for PBXNativeTarget "VendorList" */;
			buildPhases = (
				D93CFBA31F8CCC35005BD342 /* Sources */,
				D93CFBA41F8CCC35005BD342 /* Frameworks */,
				D93CFBA51F8CCC35005BD342 /* Resources */,
			);
			buildRules = (
			);
			dependencies = (
			);
			name = VendorList;
			productName = VendorList;
			productReference = D93CFBA71F8CCC35005BD342 /* VendorList.app */;
			productType = "com.apple.product-type.application";
		};
/* End PBXNativeTarget section */

/* Begin PBXProject section */
		D93CFB9F1F8CCC35005BD342 /* Project object */ = {
			isa = PBXProject;
			attributes = {
				LastSwiftUpdateCheck = 0900;
				LastUpgradeCheck = 0900;
				ORGANIZATIONNAME = "Swati Wadhera";
				TargetAttributes = {
					D93CFBA61F8CCC35005BD342 = {
						CreatedOnToolsVersion = 9.0;
						ProvisioningStyle = Automatic;
					};
				};
			};
			buildConfigurationList = D93CFBA21F8CCC35005BD342 /* Build configuration list for PBXProject "VendorList" */;
			compatibilityVersion = "Xcode 8.0";
			developmentRegion = en;
			hasScannedForEncodings = 0;
			knownRegions = (
				en,
				Base,
			);
			mainGroup = D93CFB9E1F8CCC35005BD342;
			productRefGroup = D93CFBA81F8CCC35005BD342 /* Products */;
			projectDirPath = "";
			projectRoot = "";
			targets = (
				D93CFBA61F8CCC35005BD342 /* VendorList */,
			);
		};
/* End PBXProject section */

/* Begin PBXResourcesBuildPhase section */
		D93CFBA51F8CCC35005BD342 /* Resources */ = {
			isa = PBXResourcesBuildPhase;
			buildActionMask = 2147483647;
			files = (
				D93CFBB51F8CCC35005BD342 /* LaunchScreen.storyboard in Resources */,
				D93CFBB21F8CCC35005BD342 /* Assets.xcassets in Resources */,
				D93CFBB01F8CCC35005BD342 /* Main.storyboard in Resources */,
			);
			runOnlyForDeploymentPostprocessing = 0;
		};
/* End PBXResourcesBuildPhase section */

/* Begin PBXSourcesBuildPhase section */
		D93CFBA31F8CCC35005BD342 /* Sources */ = {
			isa = PBXSourcesBuildPhase;
			buildActionMask = 2147483647;
			files = (
				D93CFBAD1F8CCC35005BD342 /* ViewController.swift in Sources */,
				D93CFBAB1F8CCC35005BD342 /* AppDelegate.swift in Sources */,
			);
			runOnlyForDeploymentPostprocessing = 0;
		};
/* End PBXSourcesBuildPhase section */

/* Begin PBXVariantGroup section */
		D93CFBAE1F8CCC35005BD342 /* Main.storyboard */ = {
			isa = PBXVariantGroup;
			children = (
				D93CFBAF1F8CCC35005BD342 /* Base */,
			);
			name = Main.storyboard;
			sourceTree = "<group>";
		};
		D93CFBB31F8CCC35005BD342 /* LaunchScreen.storyboard */ = {
			isa = PBXVariantGroup;
			children = (
				D93CFBB41F8CCC35005BD342 /* Base */,
			);
			name = LaunchScreen.storyboard;
			sourceTree = "<group>";
		};
/* End PBXVariantGroup section */

/* Begin XCBuildConfiguration section */
		D93CFBB71F8CCC35005BD342 /* Debug */ = {
			isa = XCBuildConfiguration;
			buildSettings = {
				ALWAYS_SEARCH_USER_PATHS = NO;
				CLANG_ANALYZER_NONNULL = YES;
				CLANG_ANALYZER_NUMBER_OBJECT_CONVERSION = YES_AGGRESSIVE;
				CLANG_CXX_LANGUAGE_STANDARD = "gnu++14";
				CLANG_CXX_LIBRARY = "libc++";
				CLANG_ENABLE_MODULES = YES;
				CLANG_ENABLE_OBJC_ARC = YES;
				CLANG_WARN_BLOCK_CAPTURE_AUTORELEASING = YES;
				CLANG_WARN_BOOL_CONVERSION = YES;
				CLANG_WARN_COMMA = YES;
				CLANG_WARN_CONSTANT_CONVERSION = YES;
				CLANG_WARN_DIRECT_OBJC_ISA_USAGE = YES_ERROR;
				CLANG_WARN_DOCUMENTATION_COMMENTS = YES;
				CLANG_WARN_EMPTY_BODY = YES;
				CLANG_WARN_ENUM_CONVERSION = YES;
				CLANG_WARN_INFINITE_RECURSION = YES;
				CLANG_WARN_INT_CONVERSION = YES;
				CLANG_WARN_NON_LITERAL_NULL_CONVERSION = YES;
				CLANG_WARN_OBJC_LITERAL_CONVERSION = YES;
				CLANG_WARN_OBJC_ROOT_CLASS = YES_ERROR;
				CLANG_WARN_RANGE_LOOP_ANALYSIS = YES;
				CLANG_WARN_STRICT_PROTOTYPES = YES;
				CLANG_WARN_SUSPICIOUS_MOVE = YES;
				CLANG_WARN_UNGUARDED_AVAILABILITY = YES_AGGRESSIVE;
				CLANG_WARN_UNREACHABLE_CODE = YES;
				CLANG_WARN__DUPLICATE_METHOD_MATCH = YES;
				CODE_SIGN_IDENTITY = "iPhone Developer";
				COPY_PHASE_STRIP = NO;
				DEBUG_INFORMATION_FORMAT = dwarf;
				ENABLE_STRICT_OBJC_MSGSEND = YES;
				ENABLE_TESTABILITY = YES;
				GCC_C_LANGUAGE_STANDARD = gnu11;
				GCC_DYNAMIC_NO_PIC = NO;
				GCC_NO_COMMON_BLOCKS = YES;
				GCC_OPTIMIZATION_LEVEL = 0;
				GCC_PREPROCESSOR_DEFINITIONS = (
					"DEBUG=1",
					"$(inherited)",
				);
				GCC_WARN_64_TO_32_BIT_CONVERSION = YES;
				GCC_WARN_ABOUT_RETURN_TYPE = YES_ERROR;
				GCC_WARN_UNDECLARED_SELECTOR = YES;
				GCC_WARN_UNINITIALIZED_AUTOS = YES_AGGRESSIVE;
				GCC_WARN_UNUSED_FUNCTION = YES;
				GCC_WARN_UNUSED_VARIABLE = YES;
				IPHONEOS_DEPLOYMENT_TARGET = 11.0;
				MTL_ENABLE_DEBUG_INFO = YES;
				ONLY_ACTIVE_ARCH = YES;
				SDKROOT = iphoneos;
				SWIFT_ACTIVE_COMPILATION_CONDITIONS = DEBUG;
				SWIFT_OPTIMIZATION_LEVEL = "-Onone";
			};
			name = Debug;
		};
		D93CFBB81F8CCC35005BD342 /* Release */ = {
			isa = XCBuildConfiguration;
			buildSettings = {
				ALWAYS_SEARCH_USER_PATHS = NO;
				CLANG_ANALYZER_NONNULL = YES;
				CLANG_ANALYZER_NUMBER_OBJECT_CONVERSION = YES_AGGRESSIVE;
				CLANG_CXX_LANGUAGE_STANDARD = "gnu++14";
				CLANG_CXX_LIBRARY = "libc++";
				CLANG_ENABLE_MODULES = YES;
				CLANG_ENABLE_OBJC_ARC = YES;
				CLANG_WARN_BLOCK_CAPTURE_AUTORELEASING = YES;
				CLANG_WARN_BOOL_CONVERSION = YES;
				CLANG_WARN_COMMA = YES;
				CLANG_WARN_CONSTANT_CONVERSION = YES;
				CLANG_WARN_DIRECT_OBJC_ISA_USAGE = YES_ERROR;
				CLANG_WARN_DOCUMENTATION_COMMENTS = YES;
				CLANG_WARN_EMPTY_BODY = YES;
				CLANG_WARN_ENUM_CONVERSION = YES;
				CLANG_WARN_INFINITE_RECURSION = YES;
				CLANG_WARN_INT_CONVERSION = YES;
				CLANG_WARN_NON_LITERAL_NULL_CONVERSION = YES;
				CLANG_WARN_OBJC_LITERAL_CONVERSION = YES;
				CLANG_WARN_OBJC_ROOT_CLASS = YES_ERROR;
				CLANG_WARN_RANGE_LOOP_ANALYSIS = YES;
				CLANG_WARN_STRICT_PROTOTYPES = YES;
				CLANG_WARN_SUSPICIOUS_MOVE = YES;
				CLANG_WARN_UNGUARDED_AVAILABILITY = YES_AGGRESSIVE;
				CLANG_WARN_UNREACHABLE_CODE = YES;
				CLANG_WARN__DUPLICATE_METHOD_MATCH = YES;
				CODE_SIGN_IDENTITY = "iPhone Developer";
				COPY_PHASE_STRIP = NO;
				DEBUG_INFORMATION_FORMAT = "dwarf-with-dsym";
				ENABLE_NS_ASSERTIONS = NO;
				ENABLE_STRICT_OBJC_MSGSEND = YES;
				GCC_C_LANGUAGE_STANDARD = gnu11;
				GCC_NO_COMMON_BLOCKS = YES;
				GCC_WARN_64_TO_32_BIT_CONVERSION = YES;
				GCC_WARN_ABOUT_RETURN_TYPE = YES_ERROR;
				GCC_WARN_UNDECLARED_SELECTOR = YES;
				GCC_WARN_UNINITIALIZED_AUTOS = YES_AGGRESSIVE;
				GCC_WARN_UNUSED_FUNCTION = YES;
				GCC_WARN_UNUSED_VARIABLE = YES;
				IPHONEOS_DEPLOYMENT_TARGET = 11.0;
				MTL_ENABLE_DEBUG_INFO = NO;
				SDKROOT = iphoneos;
				SWIFT_OPTIMIZATION_LEVEL = "-Owholemodule";
				VALIDATE_PRODUCT = YES;
			};
			name = Release;
		};
		D93CFBBA1F8CCC35005BD342 /* Debug */ = {
			isa = XCBuildConfiguration;
			buildSettings = {
				ASSETCATALOG_COMPILER_APPICON_NAME = AppIcon;
				CODE_SIGN_STYLE = Automatic;
				DEVELOPMENT_TEAM = R3N9B3ER78;
				INFOPLIST_FILE = VendorList/Info.plist;
				LD_RUNPATH_SEARCH_PATHS = "$(inherited) @executable_path/Frameworks";
				PRODUCT_BUNDLE_IDENTIFIER = com.swati.VendorList;
				PRODUCT_NAME = "$(TARGET_NAME)";
				SWIFT_VERSION = 4.0;
				TARGETED_DEVICE_FAMILY = "1,2";
			};
			name = Debug;
		};
		D93CFBBB1F8CCC35005BD342 /* Release */ = {
			isa = XCBuildConfiguration;
			buildSettings = {
				ASSETCATALOG_COMPILER_APPICON_NAME = AppIcon;
				CODE_SIGN_STYLE = Automatic;
				DEVELOPMENT_TEAM = R3N9B3ER78;
				INFOPLIST_FILE = VendorList/Info.plist;
				LD_RUNPATH_SEARCH_PATHS = "$(inherited) @executable_path/Frameworks";
				PRODUCT_BUNDLE_IDENTIFIER = com.swati.VendorList;
				PRODUCT_NAME = "$(TARGET_NAME)";
				SWIFT_VERSION = 4.0;
				TARGETED_DEVICE_FAMILY = "1,2";
			};
			name = Release;
		};
/* End XCBuildConfiguration section */

/* Begin XCConfigurationList section */
		D93CFBA21F8CCC35005BD342 /* Build configuration list for PBXProject "VendorList" */ = {
			isa = XCConfigurationList;
			buildConfigurations = (
				D93CFBB71F8CCC35005BD342 /* Debug */,
				D93CFBB81F8CCC35005BD342 /* Release */,
			);
			defaultConfigurationIsVisible = 0;
			defaultConfigurationName = Release;
		};
		D93CFBB91F8CCC35005BD342 /* Build configuration list for PBXNativeTarget "VendorList" */ = {
			isa = XCConfigurationList;
			buildConfigurations = (
				D93CFBBA1F8CCC35005BD342 /* Debug */,
				D93CFBBB1F8CCC35005BD342 /* Release */,
			);
			defaultConfigurationIsVisible = 0;
			defaultConfigurationName = Release;
		};
/* End XCConfigurationList section */
	};
	rootObject = D93CFB9F1F8CCC35005BD342 /* Project object */;
}
